// !$*UTF8*$!
{
	archiveVersion = 1;
	classes = {
	};
	objectVersion = 46;
	objects = {

/* Begin PBXBuildFile section */
		9FDED8C81BA1F026007BCA33 /* AppDelegate.swift in Sources */ = {isa = PBXBuildFile; fileRef = 9FDED8C71BA1F026007BCA33 /* AppDelegate.swift */; };
		9FDED8CA1BA1F026007BCA33 /* ViewController.swift in Sources */ = {isa = PBXBuildFile; fileRef = 9FDED8C91BA1F026007BCA33 /* ViewController.swift */; };
		9FDED8CD1BA1F026007BCA33 /* Main.storyboard in Resources */ = {isa = PBXBuildFile; fileRef = 9FDED8CB1BA1F026007BCA33 /* Main.storyboard */; };
		9FDED8CF1BA1F026007BCA33 /* Images.xcassets in Resources */ = {isa = PBXBuildFile; fileRef = 9FDED8CE1BA1F026007BCA33 /* Images.xcassets */; };
		9FDED8D21BA1F026007BCA33 /* LaunchScreen.xib in Resources */ = {isa = PBXBuildFile; fileRef = 9FDED8D01BA1F026007BCA33 /* LaunchScreen.xib */; };
		9FDED8DE1BA1F026007BCA33 /* BillSearchTests.swift in Sources */ = {isa = PBXBuildFile; fileRef = 9FDED8DD1BA1F026007BCA33 /* BillSearchTests.swift */; };
/* End PBXBuildFile section */

/* Begin PBXContainerItemProxy section */
		9FDED8D81BA1F026007BCA33 /* PBXContainerItemProxy */ = {
			isa = PBXContainerItemProxy;
			containerPortal = 9FDED8BA1BA1F026007BCA33 /* Project object */;
			proxyType = 1;
			remoteGlobalIDString = 9FDED8C11BA1F026007BCA33;
			remoteInfo = BillSearch;
		};
/* End PBXContainerItemProxy section */

/* Begin PBXFileReference section */
		9FDED8C21BA1F026007BCA33 /* BillSearch.app */ = {isa = PBXFileReference; explicitFileType = wrapper.application; includeInIndex = 0; path = BillSearch.app; sourceTree = BUILT_PRODUCTS_DIR; };
		9FDED8C61BA1F026007BCA33 /* Info.plist */ = {isa = PBXFileReference; lastKnownFileType = text.plist.xml; path = Info.plist; sourceTree = "<group>"; };
		9FDED8C71BA1F026007BCA33 /* AppDelegate.swift */ = {isa = PBXFileReference; lastKnownFileType = sourcecode.swift; path = AppDelegate.swift; sourceTree = "<group>"; };
		9FDED8C91BA1F026007BCA33 /* ViewController.swift */ = {isa = PBXFileReference; lastKnownFileType = sourcecode.swift; path = ViewController.swift; sourceTree = "<group>"; };
		9FDED8CC1BA1F026007BCA33 /* Base */ = {isa = PBXFileReference; lastKnownFileType = file.storyboard; name = Base; path = Base.lproj/Main.storyboard; sourceTree = "<group>"; };
		9FDED8CE1BA1F026007BCA33 /* Images.xcassets */ = {isa = PBXFileReference; lastKnownFileType = folder.assetcatalog; path = Images.xcassets; sourceTree = "<group>"; };
		9FDED8D11BA1F026007BCA33 /* Base */ = {isa = PBXFileReference; lastKnownFileType = file.xib; name = Base; path = Base.lproj/LaunchScreen.xib; sourceTree = "<group>"; };
		9FDED8D71BA1F026007BCA33 /* BillSearchTests.xctest */ = {isa = PBXFileReference; explicitFileType = wrapper.cfbundle; includeInIndex = 0; path = BillSearchTests.xctest; sourceTree = BUILT_PRODUCTS_DIR; };
		9FDED8DC1BA1F026007BCA33 /* Info.plist */ = {isa = PBXFileReference; lastKnownFileType = text.plist.xml; path = Info.plist; sourceTree = "<group>"; };
		9FDED8DD1BA1F026007BCA33 /* BillSearchTests.swift */ = {isa = PBXFileReference; lastKnownFileType = sourcecode.swift; path = BillSearchTests.swift; sourceTree = "<group>"; };
/* End PBXFileReference section */

/* Begin PBXFrameworksBuildPhase section */
		9FDED8BF1BA1F026007BCA33 /* Frameworks */ = {
			isa = PBXFrameworksBuildPhase;
			buildActionMask = 2147483647;
			files = (
			);
			runOnlyForDeploymentPostprocessing = 0;
		};
		9FDED8D41BA1F026007BCA33 /* Frameworks */ = {
			isa = PBXFrameworksBuildPhase;
			buildActionMask = 2147483647;
			files = (
			);
			runOnlyForDeploymentPostprocessing = 0;
		};
/* End PBXFrameworksBuildPhase section */

/* Begin PBXGroup section */
		9FDED8B91BA1F026007BCA33 = {
			isa = PBXGroup;
			children = (
				9FDED8C41BA1F026007BCA33 /* BillSearch */,
				9FDED8DA1BA1F026007BCA33 /* BillSearchTests */,
				9FDED8C31BA1F026007BCA33 /* Products */,
			);
			sourceTree = "<group>";
		};
		9FDED8C31BA1F026007BCA33 /* Products */ = {
			isa = PBXGroup;
			children = (
				9FDED8C21BA1F026007BCA33 /* BillSearch.app */,
				9FDED8D71BA1F026007BCA33 /* BillSearchTests.xctest */,
			);
			name = Products;
			sourceTree = "<group>";
		};
		9FDED8C41BA1F026007BCA33 /* BillSearch */ = {
			isa = PBXGroup;
			children = (
				9FDED8C71BA1F026007BCA33 /* AppDelegate.swift */,
				9FDED8C91BA1F026007BCA33 /* ViewController.swift */,
				9FDED8CB1BA1F026007BCA33 /* Main.storyboard */,
				9FDED8CE1BA1F026007BCA33 /* Images.xcassets */,
				9FDED8D01BA1F026007BCA33 /* LaunchScreen.xib */,
				9FDED8C51BA1F026007BCA33 /* Supporting Files */,
			);
			path = BillSearch;
			sourceTree = "<group>";
		};
		9FDED8C51BA1F026007BCA33 /* Supporting Files */ = {
			isa = PBXGroup;
			children = (
				9FDED8C61BA1F026007BCA33 /* Info.plist */,
			);
			name = "Supporting Files";
			sourceTree = "<group>";
		};
		9FDED8DA1BA1F026007BCA33 /* BillSearchTests */ = {
			isa = PBXGroup;
			children = (
				9FDED8DD1BA1F026007BCA33 /* BillSearchTests.swift */,
				9FDED8DB1BA1F026007BCA33 /* Supporting Files */,
			);
			path = BillSearchTests;
			sourceTree = "<group>";
		};
		9FDED8DB1BA1F026007BCA33 /* Supporting Files */ = {
			isa = PBXGroup;
			children = (
				9FDED8DC1BA1F026007BCA33 /* Info.plist */,
			);
			name = "Supporting Files";
			sourceTree = "<group>";
		};
/* End PBXGroup section */

/* Begin PBXNativeTarget section */
		9FDED8C11BA1F026007BCA33 /* BillSearch */ = {
			isa = PBXNativeTarget;
			buildConfigurationList = 9FDED8E11BA1F026007BCA33 /* Build configuration list for PBXNativeTarget "BillSearch" */;
			buildPhases = (
				9FDED8BE1BA1F026007BCA33 /* Sources */,
				9FDED8BF1BA1F026007BCA33 /* Frameworks */,
				9FDED8C01BA1F026007BCA33 /* Resources */,
			);
			buildRules = (
			);
			dependencies = (
			);
			name = BillSearch;
			productName = BillSearch;
			productReference = 9FDED8C21BA1F026007BCA33 /* BillSearch.app */;
			productType = "com.apple.product-type.application";
		};
		9FDED8D61BA1F026007BCA33 /* BillSearchTests */ = {
			isa = PBXNativeTarget;
			buildConfigurationList = 9FDED8E41BA1F026007BCA33 /* Build configuration list for PBXNativeTarget "BillSearchTests" */;
			buildPhases = (
				9FDED8D31BA1F026007BCA33 /* Sources */,
				9FDED8D41BA1F026007BCA33 /* Frameworks */,
				9FDED8D51BA1F026007BCA33 /* Resources */,
			);
			buildRules = (
			);
			dependencies = (
				9FDED8D91BA1F026007BCA33 /* PBXTargetDependency */,
			);
			name = BillSearchTests;
			productName = BillSearchTests;
			productReference = 9FDED8D71BA1F026007BCA33 /* BillSearchTests.xctest */;
			productType = "com.apple.product-type.bundle.unit-test";
		};
/* End PBXNativeTarget section */

/* Begin PBXProject section */
		9FDED8BA1BA1F026007BCA33 /* Project object */ = {
			isa = PBXProject;
			attributes = {
				LastUpgradeCheck = 0630;
				ORGANIZATIONNAME = DustinHennessy;
				TargetAttributes = {
					9FDED8C11BA1F026007BCA33 = {
						CreatedOnToolsVersion = 6.3.2;
					};
					9FDED8D61BA1F026007BCA33 = {
						CreatedOnToolsVersion = 6.3.2;
						TestTargetID = 9FDED8C11BA1F026007BCA33;
					};
				};
			};
			buildConfigurationList = 9FDED8BD1BA1F026007BCA33 /* Build configuration list for PBXProject "BillSearch" */;
			compatibilityVersion = "Xcode 3.2";
			developmentRegion = English;
			hasScannedForEncodings = 0;
			knownRegions = (
				en,
				Base,
			);
			mainGroup = 9FDED8B91BA1F026007BCA33;
			productRefGroup = 9FDED8C31BA1F026007BCA33 /* Products */;
			projectDirPath = "";
			projectRoot = "";
			targets = (
				9FDED8C11BA1F026007BCA33 /* BillSearch */,
				9FDED8D61BA1F026007BCA33 /* BillSearchTests */,
			);
		};
/* End PBXProject section */

/* Begin PBXResourcesBuildPhase section */
		9FDED8C01BA1F026007BCA33 /* Resources */ = {
			isa = PBXResourcesBuildPhase;
			buildActionMask = 2147483647;
			files = (
				9FDED8CD1BA1F026007BCA33 /* Main.storyboard in Resources */,
				9FDED8D21BA1F026007BCA33 /* LaunchScreen.xib in Resources */,
				9FDED8CF1BA1F026007BCA33 /* Images.xcassets in Resources */,
			);
			runOnlyForDeploymentPostprocessing = 0;
		};
		9FDED8D51BA1F026007BCA33 /* Resources */ = {
			isa = PBXResourcesBuildPhase;
			buildActionMask = 2147483647;
			files = (
			);
			runOnlyForDeploymentPostprocessing = 0;
		};
/* End PBXResourcesBuildPhase section */

/* Begin PBXSourcesBuildPhase section */
		9FDED8BE1BA1F026007BCA33 /* Sources */ = {
			isa = PBXSourcesBuildPhase;
			buildActionMask = 2147483647;
			files = (
				9FDED8CA1BA1F026007BCA33 /* ViewController.swift in Sources */,
				9FDED8C81BA1F026007BCA33 /* AppDelegate.swift in Sources */,
			);
			runOnlyForDeploymentPostprocessing = 0;
		};
		9FDED8D31BA1F026007BCA33 /* Sources */ = {
			isa = PBXSourcesBuildPhase;
			buildActionMask = 2147483647;
			files = (
				9FDED8DE1BA1F026007BCA33 /* BillSearchTests.swift in Sources */,
			);
			runOnlyForDeploymentPostprocessing = 0;
		};
/* End PBXSourcesBuildPhase section */

/* Begin PBXTargetDependency section */
		9FDED8D91BA1F026007BCA33 /* PBXTargetDependency */ = {
			isa = PBXTargetDependency;
			target = 9FDED8C11BA1F026007BCA33 /* BillSearch */;
			targetProxy = 9FDED8D81BA1F026007BCA33 /* PBXContainerItemProxy */;
		};
/* End PBXTargetDependency section */

/* Begin PBXVariantGroup section */
		9FDED8CB1BA1F026007BCA33 /* Main.storyboard */ = {
			isa = PBXVariantGroup;
			children = (
				9FDED8CC1BA1F026007BCA33 /* Base */,
			);
			name = Main.storyboard;
			sourceTree = "<group>";
		};
		9FDED8D01BA1F026007BCA33 /* LaunchScreen.xib */ = {
			isa = PBXVariantGroup;
			children = (
				9FDED8D11BA1F026007BCA33 /* Base */,
			);
			name = LaunchScreen.xib;
			sourceTree = "<group>";
		};
/* End PBXVariantGroup section */

/* Begin XCBuildConfiguration section */
		9FDED8DF1BA1F026007BCA33 /* Debug */ = {
			isa = XCBuildConfiguration;
			buildSettings = {
				ALWAYS_SEARCH_USER_PATHS = NO;
				CLANG_CXX_LANGUAGE_STANDARD = "gnu++0x";
				CLANG_CXX_LIBRARY = "libc++";
				CLANG_ENABLE_MODULES = YES;
				CLANG_ENABLE_OBJC_ARC = YES;
				CLANG_WARN_BOOL_CONVERSION = YES;
				CLANG_WARN_CONSTANT_CONVERSION = YES;
				CLANG_WARN_DIRECT_OBJC_ISA_USAGE = YES_ERROR;
				CLANG_WARN_EMPTY_BODY = YES;
				CLANG_WARN_ENUM_CONVERSION = YES;
				CLANG_WARN_INT_CONVERSION = YES;
				CLANG_WARN_OBJC_ROOT_CLASS = YES_ERROR;
				CLANG_WARN_UNREACHABLE_CODE = YES;
				CLANG_WARN__DUPLICATE_METHOD_MATCH = YES;
				"CODE_SIGN_IDENTITY[sdk=iphoneos*]" = "iPhone Developer";
				COPY_PHASE_STRIP = NO;
				DEBUG_INFORMATION_FORMAT = "dwarf-with-dsym";
				ENABLE_STRICT_OBJC_MSGSEND = YES;
				GCC_C_LANGUAGE_STANDARD = gnu99;
				GCC_DYNAMIC_NO_PIC = NO;
				GCC_NO_COMMON_BLOCKS = YES;
				GCC_OPTIMIZATION_LEVEL = 0;
				GCC_PREPROCESSOR_DEFINITIONS = (
					"DEBUG=1",
					"$(inherited)",
				);
				GCC_SYMBOLS_PRIVATE_EXTERN = NO;
				GCC_WARN_64_TO_32_BIT_CONVERSION = YES;
				GCC_WARN_ABOUT_RETURN_TYPE = YES_ERROR;
				GCC_WARN_UNDECLARED_SELECTOR = YES;
				GCC_WARN_UNINITIALIZED_AUTOS = YES_AGGRESSIVE;
				GCC_WARN_UNUSED_FUNCTION = YES;
				GCC_WARN_UNUSED_VARIABLE = YES;
				IPHONEOS_DEPLOYMENT_TARGET = 8.3;
				MTL_ENABLE_DEBUG_INFO = YES;
				ONLY_ACTIVE_ARCH = YES;
				SDKROOT = iphoneos;
				SWIFT_OPTIMIZATION_LEVEL = "-Onone";
			};
			name = Debug;
		};
		9FDED8E01BA1F026007BCA33 /* Release */ = {
			isa = XCBuildConfiguration;
			buildSettings = {
				ALWAYS_SEARCH_USER_PATHS = NO;
				CLANG_CXX_LANGUAGE_STANDARD = "gnu++0x";
				CLANG_CXX_LIBRARY = "libc++";
				CLANG_ENABLE_MODULES = YES;
				CLANG_ENABLE_OBJC_ARC = YES;
				CLANG_WARN_BOOL_CONVERSION = YES;
				CLANG_WARN_CONSTANT_CONVERSION = YES;
				CLANG_WARN_DIRECT_OBJC_ISA_USAGE = YES_ERROR;
				CLANG_WARN_EMPTY_BODY = YES;
				CLANG_WARN_ENUM_CONVERSION = YES;
				CLANG_WARN_INT_CONVERSION = YES;
				CLANG_WARN_OBJC_ROOT_CLASS = YES_ERROR;
				CLANG_WARN_UNREACHABLE_CODE = YES;
				CLANG_WARN__DUPLICATE_METHOD_MATCH = YES;
				"CODE_SIGN_IDENTITY[sdk=iphoneos*]" = "iPhone Developer";
				COPY_PHASE_STRIP = NO;
				DEBUG_INFORMATION_FORMAT = "dwarf-with-dsym";
				ENABLE_NS_ASSERTIONS = NO;
				ENABLE_STRICT_OBJC_MSGSEND = YES;
				GCC_C_LANGUAGE_STANDARD = gnu99;
				GCC_NO_COMMON_BLOCKS = YES;
				GCC_WARN_64_TO_32_BIT_CONVERSION = YES;
				GCC_WARN_ABOUT_RETURN_TYPE = YES_ERROR;
				GCC_WARN_UNDECLARED_SELECTOR = YES;
				GCC_WARN_UNINITIALIZED_AUTOS = YES_AGGRESSIVE;
				GCC_WARN_UNUSED_FUNCTION = YES;
				GCC_WARN_UNUSED_VARIABLE = YES;
				IPHONEOS_DEPLOYMENT_TARGET = 8.3;
				MTL_ENABLE_DEBUG_INFO = NO;
				SDKROOT = iphoneos;
				VALIDATE_PRODUCT = YES;
			};
			name = Release;
		};
		9FDED8E21BA1F026007BCA33 /* Debug */ = {
			isa = XCBuildConfiguration;
			buildSettings = {
				ASSETCATALOG_COMPILER_APPICON_NAME = AppIcon;
				INFOPLIST_FILE = BillSearch/Info.plist;
				LD_RUNPATH_SEARCH_PATHS = "$(inherited) @executable_path/Frameworks";
				PRODUCT_NAME = "$(TARGET_NAME)";
			};
			name = Debug;
		};
		9FDED8E31BA1F026007BCA33 /* Release */ = {
			isa = XCBuildConfiguration;
			buildSettings = {
				ASSETCATALOG_COMPILER_APPICON_NAME = AppIcon;
				INFOPLIST_FILE = BillSearch/Info.plist;
				LD_RUNPATH_SEARCH_PATHS = "$(inherited) @executable_path/Frameworks";
				PRODUCT_NAME = "$(TARGET_NAME)";
			};
			name = Release;
		};
		9FDED8E51BA1F026007BCA33 /* Debug */ = {
			isa = XCBuildConfiguration;
			buildSettings = {
				BUNDLE_LOADER = "$(TEST_HOST)";
				FRAMEWORK_SEARCH_PATHS = (
					"$(SDKROOT)/Developer/Library/Frameworks",
					"$(inherited)",
				);
				GCC_PREPROCESSOR_DEFINITIONS = (
					"DEBUG=1",
					"$(inherited)",
				);
				INFOPLIST_FILE = BillSearchTests/Info.plist;
				LD_RUNPATH_SEARCH_PATHS = "$(inherited) @executable_path/Frameworks @loader_path/Frameworks";
				PRODUCT_NAME = "$(TARGET_NAME)";
				TEST_HOST = "$(BUILT_PRODUCTS_DIR)/BillSearch.app/BillSearch";
			};
			name = Debug;
		};
		9FDED8E61BA1F026007BCA33 /* Release */ = {
			isa = XCBuildConfiguration;
			buildSettings = {
				BUNDLE_LOADER = "$(TEST_HOST)";
				FRAMEWORK_SEARCH_PATHS = (
					"$(SDKROOT)/Developer/Library/Frameworks",
					"$(inherited)",
				);
				INFOPLIST_FILE = BillSearchTests/Info.plist;
				LD_RUNPATH_SEARCH_PATHS = "$(inherited) @executable_path/Frameworks @loader_path/Frameworks";
				PRODUCT_NAME = "$(TARGET_NAME)";
				TEST_HOST = "$(BUILT_PRODUCTS_DIR)/BillSearch.app/BillSearch";
			};
			name = Release;
		};
/* End XCBuildConfiguration section */

/* Begin XCConfigurationList section */
		9FDED8BD1BA1F026007BCA33 /* Build configuration list for PBXProject "BillSearch" */ = {
			isa = XCConfigurationList;
			buildConfigurations = (
				9FDED8DF1BA1F026007BCA33 /* Debug */,
				9FDED8E01BA1F026007BCA33 /* Release */,
			);
			defaultConfigurationIsVisible = 0;
			defaultConfigurationName = Release;
		};
		9FDED8E11BA1F026007BCA33 /* Build configuration list for PBXNativeTarget "BillSearch" */ = {
			isa = XCConfigurationList;
			buildConfigurations = (
				9FDED8E21BA1F026007BCA33 /* Debug */,
				9FDED8E31BA1F026007BCA33 /* Release */,
			);
			defaultConfigurationIsVisible = 0;
		};
		9FDED8E41BA1F026007BCA33 /* Build configuration list for PBXNativeTarget "BillSearchTests" */ = {
			isa = XCConfigurationList;
			buildConfigurations = (
				9FDED8E51BA1F026007BCA33 /* Debug */,
				9FDED8E61BA1F026007BCA33 /* Release */,
			);
			defaultConfigurationIsVisible = 0;
		};
/* End XCConfigurationList section */
	};
	rootObject = 9FDED8BA1BA1F026007BCA33 /* Project object */;
}
